// !$*UTF8*$!
{
	archiveVersion = 1;
	classes = {
	};
	objectVersion = 56;
	objects = {

/* Begin PBXBuildFile section */
		B9BF23962AD07EC4008B0A3F /* ChangeMate Watch App.app in Embed Watch Content */ = {isa = PBXBuildFile; fileRef = B9BF23952AD07EC4008B0A3F /* ChangeMate Watch App.app */; settings = {ATTRIBUTES = (RemoveHeadersOnCopy, ); }; };
		B9BF239B2AD07EC4008B0A3F /* ChangeMateApp.swift in Sources */ = {isa = PBXBuildFile; fileRef = B9BF239A2AD07EC4008B0A3F /* ChangeMateApp.swift */; };
		B9BF239D2AD07EC4008B0A3F /* ContentView.swift in Sources */ = {isa = PBXBuildFile; fileRef = B9BF239C2AD07EC4008B0A3F /* ContentView.swift */; };
		B9BF239F2AD07EC6008B0A3F /* Assets.xcassets in Resources */ = {isa = PBXBuildFile; fileRef = B9BF239E2AD07EC6008B0A3F /* Assets.xcassets */; };
		B9BF23A22AD07EC6008B0A3F /* Preview Assets.xcassets in Resources */ = {isa = PBXBuildFile; fileRef = B9BF23A12AD07EC6008B0A3F /* Preview Assets.xcassets */; };
		B9BF23AC2AD07EC7008B0A3F /* ChangeMate_Watch_AppTests.swift in Sources */ = {isa = PBXBuildFile; fileRef = B9BF23AB2AD07EC7008B0A3F /* ChangeMate_Watch_AppTests.swift */; };
		B9BF23B62AD07EC7008B0A3F /* ChangeMate_Watch_AppUITests.swift in Sources */ = {isa = PBXBuildFile; fileRef = B9BF23B52AD07EC7008B0A3F /* ChangeMate_Watch_AppUITests.swift */; };
		B9BF23B82AD07EC7008B0A3F /* ChangeMate_Watch_AppUITestsLaunchTests.swift in Sources */ = {isa = PBXBuildFile; fileRef = B9BF23B72AD07EC7008B0A3F /* ChangeMate_Watch_AppUITestsLaunchTests.swift */; };
/* End PBXBuildFile section */

/* Begin PBXContainerItemProxy section */
		B9BF23972AD07EC4008B0A3F /* PBXContainerItemProxy */ = {
			isa = PBXContainerItemProxy;
			containerPortal = B9BF23892AD07EC3008B0A3F /* Project object */;
			proxyType = 1;
			remoteGlobalIDString = B9BF23942AD07EC4008B0A3F;
			remoteInfo = "ChangeMate Watch App";
		};
		B9BF23A82AD07EC7008B0A3F /* PBXContainerItemProxy */ = {
			isa = PBXContainerItemProxy;
			containerPortal = B9BF23892AD07EC3008B0A3F /* Project object */;
			proxyType = 1;
			remoteGlobalIDString = B9BF23942AD07EC4008B0A3F;
			remoteInfo = "ChangeMate Watch App";
		};
		B9BF23B22AD07EC7008B0A3F /* PBXContainerItemProxy */ = {
			isa = PBXContainerItemProxy;
			containerPortal = B9BF23892AD07EC3008B0A3F /* Project object */;
			proxyType = 1;
			remoteGlobalIDString = B9BF23942AD07EC4008B0A3F;
			remoteInfo = "ChangeMate Watch App";
		};
/* End PBXContainerItemProxy section */

/* Begin PBXCopyFilesBuildPhase section */
		B9BF23BE2AD07EC7008B0A3F /* Embed Watch Content */ = {
			isa = PBXCopyFilesBuildPhase;
			buildActionMask = 2147483647;
			dstPath = "$(CONTENTS_FOLDER_PATH)/Watch";
			dstSubfolderSpec = 16;
			files = (
				B9BF23962AD07EC4008B0A3F /* ChangeMate Watch App.app in Embed Watch Content */,
			);
			name = "Embed Watch Content";
			runOnlyForDeploymentPostprocessing = 0;
		};
/* End PBXCopyFilesBuildPhase section */

/* Begin PBXFileReference section */
		B9BF238F2AD07EC4008B0A3F /* ChangeMate.app */ = {isa = PBXFileReference; explicitFileType = wrapper.application; includeInIndex = 0; path = ChangeMate.app; sourceTree = BUILT_PRODUCTS_DIR; };
		B9BF23952AD07EC4008B0A3F /* ChangeMate Watch App.app */ = {isa = PBXFileReference; explicitFileType = wrapper.application; includeInIndex = 0; path = "ChangeMate Watch App.app"; sourceTree = BUILT_PRODUCTS_DIR; };
		B9BF239A2AD07EC4008B0A3F /* ChangeMateApp.swift */ = {isa = PBXFileReference; lastKnownFileType = sourcecode.swift; path = ChangeMateApp.swift; sourceTree = "<group>"; };
		B9BF239C2AD07EC4008B0A3F /* ContentView.swift */ = {isa = PBXFileReference; lastKnownFileType = sourcecode.swift; path = ContentView.swift; sourceTree = "<group>"; };
		B9BF239E2AD07EC6008B0A3F /* Assets.xcassets */ = {isa = PBXFileReference; lastKnownFileType = folder.assetcatalog; path = Assets.xcassets; sourceTree = "<group>"; };
		B9BF23A12AD07EC6008B0A3F /* Preview Assets.xcassets */ = {isa = PBXFileReference; lastKnownFileType = folder.assetcatalog; path = "Preview Assets.xcassets"; sourceTree = "<group>"; };
		B9BF23A72AD07EC7008B0A3F /* ChangeMate Watch AppTests.xctest */ = {isa = PBXFileReference; explicitFileType = wrapper.cfbundle; includeInIndex = 0; path = "ChangeMate Watch AppTests.xctest"; sourceTree = BUILT_PRODUCTS_DIR; };
		B9BF23AB2AD07EC7008B0A3F /* ChangeMate_Watch_AppTests.swift */ = {isa = PBXFileReference; lastKnownFileType = sourcecode.swift; path = ChangeMate_Watch_AppTests.swift; sourceTree = "<group>"; };
		B9BF23B12AD07EC7008B0A3F /* ChangeMate Watch AppUITests.xctest */ = {isa = PBXFileReference; explicitFileType = wrapper.cfbundle; includeInIndex = 0; path = "ChangeMate Watch AppUITests.xctest"; sourceTree = BUILT_PRODUCTS_DIR; };
		B9BF23B52AD07EC7008B0A3F /* ChangeMate_Watch_AppUITests.swift */ = {isa = PBXFileReference; lastKnownFileType = sourcecode.swift; path = ChangeMate_Watch_AppUITests.swift; sourceTree = "<group>"; };
		B9BF23B72AD07EC7008B0A3F /* ChangeMate_Watch_AppUITestsLaunchTests.swift */ = {isa = PBXFileReference; lastKnownFileType = sourcecode.swift; path = ChangeMate_Watch_AppUITestsLaunchTests.swift; sourceTree = "<group>"; };
/* End PBXFileReference section */

/* Begin PBXFrameworksBuildPhase section */
		B9BF23922AD07EC4008B0A3F /* Frameworks */ = {
			isa = PBXFrameworksBuildPhase;
			buildActionMask = 2147483647;
			files = (
			);
			runOnlyForDeploymentPostprocessing = 0;
		};
		B9BF23A42AD07EC7008B0A3F /* Frameworks */ = {
			isa = PBXFrameworksBuildPhase;
			buildActionMask = 2147483647;
			files = (
			);
			runOnlyForDeploymentPostprocessing = 0;
		};
		B9BF23AE2AD07EC7008B0A3F /* Frameworks */ = {
			isa = PBXFrameworksBuildPhase;
			buildActionMask = 2147483647;
			files = (
			);
			runOnlyForDeploymentPostprocessing = 0;
		};
/* End PBXFrameworksBuildPhase section */

/* Begin PBXGroup section */
		B9BF23882AD07EC3008B0A3F = {
			isa = PBXGroup;
			children = (
				B9BF23992AD07EC4008B0A3F /* ChangeMate Watch App */,
				B9BF23AA2AD07EC7008B0A3F /* ChangeMate Watch AppTests */,
				B9BF23B42AD07EC7008B0A3F /* ChangeMate Watch AppUITests */,
				B9BF23902AD07EC4008B0A3F /* Products */,
			);
			sourceTree = "<group>";
		};
		B9BF23902AD07EC4008B0A3F /* Products */ = {
			isa = PBXGroup;
			children = (
				B9BF238F2AD07EC4008B0A3F /* ChangeMate.app */,
				B9BF23952AD07EC4008B0A3F /* ChangeMate Watch App.app */,
				B9BF23A72AD07EC7008B0A3F /* ChangeMate Watch AppTests.xctest */,
				B9BF23B12AD07EC7008B0A3F /* ChangeMate Watch AppUITests.xctest */,
			);
			name = Products;
			sourceTree = "<group>";
		};
		B9BF23992AD07EC4008B0A3F /* ChangeMate Watch App */ = {
			isa = PBXGroup;
			children = (
				B9BF239A2AD07EC4008B0A3F /* ChangeMateApp.swift */,
				B9BF239C2AD07EC4008B0A3F /* ContentView.swift */,
				B9BF239E2AD07EC6008B0A3F /* Assets.xcassets */,
				B9BF23A02AD07EC6008B0A3F /* Preview Content */,
			);
			path = "ChangeMate Watch App";
			sourceTree = "<group>";
		};
		B9BF23A02AD07EC6008B0A3F /* Preview Content */ = {
			isa = PBXGroup;
			children = (
				B9BF23A12AD07EC6008B0A3F /* Preview Assets.xcassets */,
			);
			path = "Preview Content";
			sourceTree = "<group>";
		};
		B9BF23AA2AD07EC7008B0A3F /* ChangeMate Watch AppTests */ = {
			isa = PBXGroup;
			children = (
				B9BF23AB2AD07EC7008B0A3F /* ChangeMate_Watch_AppTests.swift */,
			);
			path = "ChangeMate Watch AppTests";
			sourceTree = "<group>";
		};
		B9BF23B42AD07EC7008B0A3F /* ChangeMate Watch AppUITests */ = {
			isa = PBXGroup;
			children = (
				B9BF23B52AD07EC7008B0A3F /* ChangeMate_Watch_AppUITests.swift */,
				B9BF23B72AD07EC7008B0A3F /* ChangeMate_Watch_AppUITestsLaunchTests.swift */,
			);
			path = "ChangeMate Watch AppUITests";
			sourceTree = "<group>";
		};
/* End PBXGroup section */

/* Begin PBXNativeTarget section */
		B9BF238E2AD07EC4008B0A3F /* ChangeMate */ = {
			isa = PBXNativeTarget;
			buildConfigurationList = B9BF23BF2AD07EC7008B0A3F /* Build configuration list for PBXNativeTarget "ChangeMate" */;
			buildPhases = (
				B9BF238D2AD07EC4008B0A3F /* Resources */,
				B9BF23BE2AD07EC7008B0A3F /* Embed Watch Content */,
			);
			buildRules = (
			);
			dependencies = (
				B9BF23982AD07EC4008B0A3F /* PBXTargetDependency */,
			);
			name = ChangeMate;
			productName = ChangeMate;
			productReference = B9BF238F2AD07EC4008B0A3F /* ChangeMate.app */;
			productType = "com.apple.product-type.application.watchapp2-container";
		};
		B9BF23942AD07EC4008B0A3F /* ChangeMate Watch App */ = {
			isa = PBXNativeTarget;
			buildConfigurationList = B9BF23BB2AD07EC7008B0A3F /* Build configuration list for PBXNativeTarget "ChangeMate Watch App" */;
			buildPhases = (
				B9BF23912AD07EC4008B0A3F /* Sources */,
				B9BF23922AD07EC4008B0A3F /* Frameworks */,
				B9BF23932AD07EC4008B0A3F /* Resources */,
			);
			buildRules = (
			);
			dependencies = (
			);
			name = "ChangeMate Watch App";
			productName = "ChangeMate Watch App";
			productReference = B9BF23952AD07EC4008B0A3F /* ChangeMate Watch App.app */;
			productType = "com.apple.product-type.application";
		};
		B9BF23A62AD07EC7008B0A3F /* ChangeMate Watch AppTests */ = {
			isa = PBXNativeTarget;
			buildConfigurationList = B9BF23C22AD07EC7008B0A3F /* Build configuration list for PBXNativeTarget "ChangeMate Watch AppTests" */;
			buildPhases = (
				B9BF23A32AD07EC7008B0A3F /* Sources */,
				B9BF23A42AD07EC7008B0A3F /* Frameworks */,
				B9BF23A52AD07EC7008B0A3F /* Resources */,
			);
			buildRules = (
			);
			dependencies = (
				B9BF23A92AD07EC7008B0A3F /* PBXTargetDependency */,
			);
			name = "ChangeMate Watch AppTests";
			productName = "ChangeMate Watch AppTests";
			productReference = B9BF23A72AD07EC7008B0A3F /* ChangeMate Watch AppTests.xctest */;
			productType = "com.apple.product-type.bundle.unit-test";
		};
		B9BF23B02AD07EC7008B0A3F /* ChangeMate Watch AppUITests */ = {
			isa = PBXNativeTarget;
			buildConfigurationList = B9BF23C52AD07EC7008B0A3F /* Build configuration list for PBXNativeTarget "ChangeMate Watch AppUITests" */;
			buildPhases = (
				B9BF23AD2AD07EC7008B0A3F /* Sources */,
				B9BF23AE2AD07EC7008B0A3F /* Frameworks */,
				B9BF23AF2AD07EC7008B0A3F /* Resources */,
			);
			buildRules = (
			);
			dependencies = (
				B9BF23B32AD07EC7008B0A3F /* PBXTargetDependency */,
			);
			name = "ChangeMate Watch AppUITests";
			productName = "ChangeMate Watch AppUITests";
			productReference = B9BF23B12AD07EC7008B0A3F /* ChangeMate Watch AppUITests.xctest */;
			productType = "com.apple.product-type.bundle.ui-testing";
		};
/* End PBXNativeTarget section */

/* Begin PBXProject section */
		B9BF23892AD07EC3008B0A3F /* Project object */ = {
			isa = PBXProject;
			attributes = {
				BuildIndependentTargetsInParallel = 1;
				LastSwiftUpdateCheck = 1500;
				LastUpgradeCheck = 1500;
				TargetAttributes = {
					B9BF238E2AD07EC4008B0A3F = {
						CreatedOnToolsVersion = 15.0;
					};
					B9BF23942AD07EC4008B0A3F = {
						CreatedOnToolsVersion = 15.0;
					};
					B9BF23A62AD07EC7008B0A3F = {
						CreatedOnToolsVersion = 15.0;
						TestTargetID = B9BF23942AD07EC4008B0A3F;
					};
					B9BF23B02AD07EC7008B0A3F = {
						CreatedOnToolsVersion = 15.0;
						TestTargetID = B9BF23942AD07EC4008B0A3F;
					};
				};
			};
			buildConfigurationList = B9BF238C2AD07EC3008B0A3F /* Build configuration list for PBXProject "ChangeMate" */;
			compatibilityVersion = "Xcode 14.0";
			developmentRegion = en;
			hasScannedForEncodings = 0;
			knownRegions = (
				en,
				Base,
			);
			mainGroup = B9BF23882AD07EC3008B0A3F;
			productRefGroup = B9BF23902AD07EC4008B0A3F /* Products */;
			projectDirPath = "";
			projectRoot = "";
			targets = (
				B9BF238E2AD07EC4008B0A3F /* ChangeMate */,
				B9BF23942AD07EC4008B0A3F /* ChangeMate Watch App */,
				B9BF23A62AD07EC7008B0A3F /* ChangeMate Watch AppTests */,
				B9BF23B02AD07EC7008B0A3F /* ChangeMate Watch AppUITests */,
			);
		};
/* End PBXProject section */

/* Begin PBXResourcesBuildPhase section */
		B9BF238D2AD07EC4008B0A3F /* Resources */ = {
			isa = PBXResourcesBuildPhase;
			buildActionMask = 2147483647;
			files = (
			);
			runOnlyForDeploymentPostprocessing = 0;
		};
		B9BF23932AD07EC4008B0A3F /* Resources */ = {
			isa = PBXResourcesBuildPhase;
			buildActionMask = 2147483647;
			files = (
				B9BF23A22AD07EC6008B0A3F /* Preview Assets.xcassets in Resources */,
				B9BF239F2AD07EC6008B0A3F /* Assets.xcassets in Resources */,
			);
			runOnlyForDeploymentPostprocessing = 0;
		};
		B9BF23A52AD07EC7008B0A3F /* Resources */ = {
			isa = PBXResourcesBuildPhase;
			buildActionMask = 2147483647;
			files = (
			);
			runOnlyForDeploymentPostprocessing = 0;
		};
		B9BF23AF2AD07EC7008B0A3F /* Resources */ = {
			isa = PBXResourcesBuildPhase;
			buildActionMask = 2147483647;
			files = (
			);
			runOnlyForDeploymentPostprocessing = 0;
		};
/* End PBXResourcesBuildPhase section */

/* Begin PBXSourcesBuildPhase section */
		B9BF23912AD07EC4008B0A3F /* Sources */ = {
			isa = PBXSourcesBuildPhase;
			buildActionMask = 2147483647;
			files = (
				B9BF239D2AD07EC4008B0A3F /* ContentView.swift in Sources */,
				B9BF239B2AD07EC4008B0A3F /* ChangeMateApp.swift in Sources */,
			);
			runOnlyForDeploymentPostprocessing = 0;
		};
		B9BF23A32AD07EC7008B0A3F /* Sources */ = {
			isa = PBXSourcesBuildPhase;
			buildActionMask = 2147483647;
			files = (
				B9BF23AC2AD07EC7008B0A3F /* ChangeMate_Watch_AppTests.swift in Sources */,
			);
			runOnlyForDeploymentPostprocessing = 0;
		};
		B9BF23AD2AD07EC7008B0A3F /* Sources */ = {
			isa = PBXSourcesBuildPhase;
			buildActionMask = 2147483647;
			files = (
				B9BF23B62AD07EC7008B0A3F /* ChangeMate_Watch_AppUITests.swift in Sources */,
				B9BF23B82AD07EC7008B0A3F /* ChangeMate_Watch_AppUITestsLaunchTests.swift in Sources */,
			);
			runOnlyForDeploymentPostprocessing = 0;
		};
/* End PBXSourcesBuildPhase section */

/* Begin PBXTargetDependency section */
		B9BF23982AD07EC4008B0A3F /* PBXTargetDependency */ = {
			isa = PBXTargetDependency;
			target = B9BF23942AD07EC4008B0A3F /* ChangeMate Watch App */;
			targetProxy = B9BF23972AD07EC4008B0A3F /* PBXContainerItemProxy */;
		};
		B9BF23A92AD07EC7008B0A3F /* PBXTargetDependency */ = {
			isa = PBXTargetDependency;
			target = B9BF23942AD07EC4008B0A3F /* ChangeMate Watch App */;
			targetProxy = B9BF23A82AD07EC7008B0A3F /* PBXContainerItemProxy */;
		};
		B9BF23B32AD07EC7008B0A3F /* PBXTargetDependency */ = {
			isa = PBXTargetDependency;
			target = B9BF23942AD07EC4008B0A3F /* ChangeMate Watch App */;
			targetProxy = B9BF23B22AD07EC7008B0A3F /* PBXContainerItemProxy */;
		};
/* End PBXTargetDependency section */

/* Begin XCBuildConfiguration section */
		B9BF23B92AD07EC7008B0A3F /* Debug */ = {
			isa = XCBuildConfiguration;
			buildSettings = {
				ALWAYS_SEARCH_USER_PATHS = NO;
				ASSETCATALOG_COMPILER_GENERATE_SWIFT_ASSET_SYMBOL_EXTENSIONS = YES;
				CLANG_ANALYZER_NONNULL = YES;
				CLANG_ANALYZER_NUMBER_OBJECT_CONVERSION = YES_AGGRESSIVE;
				CLANG_CXX_LANGUAGE_STANDARD = "gnu++20";
				CLANG_ENABLE_MODULES = YES;
				CLANG_ENABLE_OBJC_ARC = YES;
				CLANG_ENABLE_OBJC_WEAK = YES;
				CLANG_WARN_BLOCK_CAPTURE_AUTORELEASING = YES;
				CLANG_WARN_BOOL_CONVERSION = YES;
				CLANG_WARN_COMMA = YES;
				CLANG_WARN_CONSTANT_CONVERSION = YES;
				CLANG_WARN_DEPRECATED_OBJC_IMPLEMENTATIONS = YES;
				CLANG_WARN_DIRECT_OBJC_ISA_USAGE = YES_ERROR;
				CLANG_WARN_DOCUMENTATION_COMMENTS = YES;
				CLANG_WARN_EMPTY_BODY = YES;
				CLANG_WARN_ENUM_CONVERSION = YES;
				CLANG_WARN_INFINITE_RECURSION = YES;
				CLANG_WARN_INT_CONVERSION = YES;
				CLANG_WARN_NON_LITERAL_NULL_CONVERSION = YES;
				CLANG_WARN_OBJC_IMPLICIT_RETAIN_SELF = YES;
				CLANG_WARN_OBJC_LITERAL_CONVERSION = YES;
				CLANG_WARN_OBJC_ROOT_CLASS = YES_ERROR;
				CLANG_WARN_QUOTED_INCLUDE_IN_FRAMEWORK_HEADER = YES;
				CLANG_WARN_RANGE_LOOP_ANALYSIS = YES;
				CLANG_WARN_STRICT_PROTOTYPES = YES;
				CLANG_WARN_SUSPICIOUS_MOVE = YES;
				CLANG_WARN_UNGUARDED_AVAILABILITY = YES_AGGRESSIVE;
				CLANG_WARN_UNREACHABLE_CODE = YES;
				CLANG_WARN__DUPLICATE_METHOD_MATCH = YES;
				COPY_PHASE_STRIP = NO;
				DEBUG_INFORMATION_FORMAT = dwarf;
				ENABLE_STRICT_OBJC_MSGSEND = YES;
				ENABLE_TESTABILITY = YES;
				ENABLE_USER_SCRIPT_SANDBOXING = YES;
				GCC_C_LANGUAGE_STANDARD = gnu17;
				GCC_DYNAMIC_NO_PIC = NO;
				GCC_NO_COMMON_BLOCKS = YES;
				GCC_OPTIMIZATION_LEVEL = 0;
				GCC_PREPROCESSOR_DEFINITIONS = (
					"DEBUG=1",
					"$(inherited)",
				);
				GCC_WARN_64_TO_32_BIT_CONVERSION = YES;
				GCC_WARN_ABOUT_RETURN_TYPE = YES_ERROR;
				GCC_WARN_UNDECLARED_SELECTOR = YES;
				GCC_WARN_UNINITIALIZED_AUTOS = YES_AGGRESSIVE;
				GCC_WARN_UNUSED_FUNCTION = YES;
				GCC_WARN_UNUSED_VARIABLE = YES;
				LOCALIZATION_PREFERS_STRING_CATALOGS = YES;
				MTL_ENABLE_DEBUG_INFO = INCLUDE_SOURCE;
				MTL_FAST_MATH = YES;
				ONLY_ACTIVE_ARCH = YES;
				SWIFT_ACTIVE_COMPILATION_CONDITIONS = "DEBUG $(inherited)";
				SWIFT_OPTIMIZATION_LEVEL = "-Onone";
			};
			name = Debug;
		};
		B9BF23BA2AD07EC7008B0A3F /* Release */ = {
			isa = XCBuildConfiguration;
			buildSettings = {
				ALWAYS_SEARCH_USER_PATHS = NO;
				ASSETCATALOG_COMPILER_GENERATE_SWIFT_ASSET_SYMBOL_EXTENSIONS = YES;
				CLANG_ANALYZER_NONNULL = YES;
				CLANG_ANALYZER_NUMBER_OBJECT_CONVERSION = YES_AGGRESSIVE;
				CLANG_CXX_LANGUAGE_STANDARD = "gnu++20";
				CLANG_ENABLE_MODULES = YES;
				CLANG_ENABLE_OBJC_ARC = YES;
				CLANG_ENABLE_OBJC_WEAK = YES;
				CLANG_WARN_BLOCK_CAPTURE_AUTORELEASING = YES;
				CLANG_WARN_BOOL_CONVERSION = YES;
				CLANG_WARN_COMMA = YES;
				CLANG_WARN_CONSTANT_CONVERSION = YES;
				CLANG_WARN_DEPRECATED_OBJC_IMPLEMENTATIONS = YES;
				CLANG_WARN_DIRECT_OBJC_ISA_USAGE = YES_ERROR;
				CLANG_WARN_DOCUMENTATION_COMMENTS = YES;
				CLANG_WARN_EMPTY_BODY = YES;
				CLANG_WARN_ENUM_CONVERSION = YES;
				CLANG_WARN_INFINITE_RECURSION = YES;
				CLANG_WARN_INT_CONVERSION = YES;
				CLANG_WARN_NON_LITERAL_NULL_CONVERSION = YES;
				CLANG_WARN_OBJC_IMPLICIT_RETAIN_SELF = YES;
				CLANG_WARN_OBJC_LITERAL_CONVERSION = YES;
				CLANG_WARN_OBJC_ROOT_CLASS = YES_ERROR;
				CLANG_WARN_QUOTED_INCLUDE_IN_FRAMEWORK_HEADER = YES;
				CLANG_WARN_RANGE_LOOP_ANALYSIS = YES;
				CLANG_WARN_STRICT_PROTOTYPES = YES;
				CLANG_WARN_SUSPICIOUS_MOVE = YES;
				CLANG_WARN_UNGUARDED_AVAILABILITY = YES_AGGRESSIVE;
				CLANG_WARN_UNREACHABLE_CODE = YES;
				CLANG_WARN__DUPLICATE_METHOD_MATCH = YES;
				COPY_PHASE_STRIP = NO;
				DEBUG_INFORMATION_FORMAT = "dwarf-with-dsym";
				ENABLE_NS_ASSERTIONS = NO;
				ENABLE_STRICT_OBJC_MSGSEND = YES;
				ENABLE_USER_SCRIPT_SANDBOXING = YES;
				GCC_C_LANGUAGE_STANDARD = gnu17;
				GCC_NO_COMMON_BLOCKS = YES;
				GCC_WARN_64_TO_32_BIT_CONVERSION = YES;
				GCC_WARN_ABOUT_RETURN_TYPE = YES_ERROR;
				GCC_WARN_UNDECLARED_SELECTOR = YES;
				GCC_WARN_UNINITIALIZED_AUTOS = YES_AGGRESSIVE;
				GCC_WARN_UNUSED_FUNCTION = YES;
				GCC_WARN_UNUSED_VARIABLE = YES;
				LOCALIZATION_PREFERS_STRING_CATALOGS = YES;
				MTL_ENABLE_DEBUG_INFO = NO;
				MTL_FAST_MATH = YES;
				SWIFT_COMPILATION_MODE = wholemodule;
			};
			name = Release;
		};
		B9BF23BC2AD07EC7008B0A3F /* Debug */ = {
			isa = XCBuildConfiguration;
			buildSettings = {
				ASSETCATALOG_COMPILER_APPICON_NAME = AppIcon;
				ASSETCATALOG_COMPILER_GLOBAL_ACCENT_COLOR_NAME = AccentColor;
				CODE_SIGN_STYLE = Automatic;
				CURRENT_PROJECT_VERSION = 1;
				DEVELOPMENT_ASSET_PATHS = "\"ChangeMate Watch App/Preview Content\"";
				ENABLE_PREVIEWS = YES;
				GENERATE_INFOPLIST_FILE = YES;
				INFOPLIST_KEY_CFBundleDisplayName = ChangeMate;
				INFOPLIST_KEY_UISupportedInterfaceOrientations = "UIInterfaceOrientationPortrait UIInterfaceOrientationPortraitUpsideDown";
				INFOPLIST_KEY_WKWatchOnly = YES;
				LD_RUNPATH_SEARCH_PATHS = (
					"$(inherited)",
					"@executable_path/Frameworks",
				);
				MARKETING_VERSION = 1.0;
				PRODUCT_BUNDLE_IDENTIFIER = bondzioyo.ChangeMate.watchkitapp;
				PRODUCT_NAME = "$(TARGET_NAME)";
				SDKROOT = watchos;
				SKIP_INSTALL = YES;
				SWIFT_EMIT_LOC_STRINGS = YES;
				SWIFT_VERSION = 5.0;
				TARGETED_DEVICE_FAMILY = 4;
				WATCHOS_DEPLOYMENT_TARGET = 10.0;
			};
			name = Debug;
		};
		B9BF23BD2AD07EC7008B0A3F /* Release */ = {
			isa = XCBuildConfiguration;
			buildSettings = {
				ASSETCATALOG_COMPILER_APPICON_NAME = AppIcon;
				ASSETCATALOG_COMPILER_GLOBAL_ACCENT_COLOR_NAME = AccentColor;
				CODE_SIGN_STYLE = Automatic;
				CURRENT_PROJECT_VERSION = 1;
				DEVELOPMENT_ASSET_PATHS = "\"ChangeMate Watch App/Preview Content\"";
				ENABLE_PREVIEWS = YES;
				GENERATE_INFOPLIST_FILE = YES;
				INFOPLIST_KEY_CFBundleDisplayName = ChangeMate;
				INFOPLIST_KEY_UISupportedInterfaceOrientations = "UIInterfaceOrientationPortrait UIInterfaceOrientationPortraitUpsideDown";
				INFOPLIST_KEY_WKWatchOnly = YES;
				LD_RUNPATH_SEARCH_PATHS = (
					"$(inherited)",
					"@executable_path/Frameworks",
				);
				MARKETING_VERSION = 1.0;
				PRODUCT_BUNDLE_IDENTIFIER = bondzioyo.ChangeMate.watchkitapp;
				PRODUCT_NAME = "$(TARGET_NAME)";
				SDKROOT = watchos;
				SKIP_INSTALL = YES;
				SWIFT_EMIT_LOC_STRINGS = YES;
				SWIFT_VERSION = 5.0;
				TARGETED_DEVICE_FAMILY = 4;
				VALIDATE_PRODUCT = YES;
				WATCHOS_DEPLOYMENT_TARGET = 10.0;
			};
			name = Release;
		};
		B9BF23C02AD07EC7008B0A3F /* Debug */ = {
			isa = XCBuildConfiguration;
			buildSettings = {
				ALWAYS_EMBED_SWIFT_STANDARD_LIBRARIES = YES;
				CODE_SIGN_STYLE = Automatic;
				CURRENT_PROJECT_VERSION = 1;
				INFOPLIST_KEY_CFBundleDisplayName = ChangeMate;
				MARKETING_VERSION = 1.0;
				PRODUCT_BUNDLE_IDENTIFIER = bondzioyo.ChangeMate;
				PRODUCT_NAME = "$(TARGET_NAME)";
				SDKROOT = iphoneos;
				SWIFT_VERSION = 5.0;
			};
			name = Debug;
		};
		B9BF23C12AD07EC7008B0A3F /* Release */ = {
			isa = XCBuildConfiguration;
			buildSettings = {
				ALWAYS_EMBED_SWIFT_STANDARD_LIBRARIES = YES;
				CODE_SIGN_STYLE = Automatic;
				CURRENT_PROJECT_VERSION = 1;
				INFOPLIST_KEY_CFBundleDisplayName = ChangeMate;
				MARKETING_VERSION = 1.0;
				PRODUCT_BUNDLE_IDENTIFIER = bondzioyo.ChangeMate;
				PRODUCT_NAME = "$(TARGET_NAME)";
				SDKROOT = iphoneos;
				SWIFT_VERSION = 5.0;
				VALIDATE_PRODUCT = YES;
			};
			name = Release;
		};
		B9BF23C32AD07EC7008B0A3F /* Debug */ = {
			isa = XCBuildConfiguration;
			buildSettings = {
				ALWAYS_EMBED_SWIFT_STANDARD_LIBRARIES = YES;
				BUNDLE_LOADER = "$(TEST_HOST)";
				CODE_SIGN_STYLE = Automatic;
				CURRENT_PROJECT_VERSION = 1;
				GENERATE_INFOPLIST_FILE = YES;
				MARKETING_VERSION = 1.0;
				PRODUCT_BUNDLE_IDENTIFIER = "bondzioyo.ChangeMate-Watch-AppTests";
				PRODUCT_NAME = "$(TARGET_NAME)";
				SDKROOT = watchos;
				SWIFT_EMIT_LOC_STRINGS = NO;
				SWIFT_VERSION = 5.0;
				TARGETED_DEVICE_FAMILY = 4;
				TEST_HOST = "$(BUILT_PRODUCTS_DIR)/ChangeMate Watch App.app/$(BUNDLE_EXECUTABLE_FOLDER_PATH)/ChangeMate Watch App";
				WATCHOS_DEPLOYMENT_TARGET = 10.0;
			};
			name = Debug;
		};
		B9BF23C42AD07EC7008B0A3F /* Release */ = {
			isa = XCBuildConfiguration;
			buildSettings = {
				ALWAYS_EMBED_SWIFT_STANDARD_LIBRARIES = YES;
				BUNDLE_LOADER = "$(TEST_HOST)";
				CODE_SIGN_STYLE = Automatic;
				CURRENT_PROJECT_VERSION = 1;
				GENERATE_INFOPLIST_FILE = YES;
				MARKETING_VERSION = 1.0;
				PRODUCT_BUNDLE_IDENTIFIER = "bondzioyo.ChangeMate-Watch-AppTests";
				PRODUCT_NAME = "$(TARGET_NAME)";
				SDKROOT = watchos;
				SWIFT_EMIT_LOC_STRINGS = NO;
				SWIFT_VERSION = 5.0;
				TARGETED_DEVICE_FAMILY = 4;
				TEST_HOST = "$(BUILT_PRODUCTS_DIR)/ChangeMate Watch App.app/$(BUNDLE_EXECUTABLE_FOLDER_PATH)/ChangeMate Watch App";
				VALIDATE_PRODUCT = YES;
				WATCHOS_DEPLOYMENT_TARGET = 10.0;
			};
			name = Release;
		};
		B9BF23C62AD07EC7008B0A3F /* Debug */ = {
			isa = XCBuildConfiguration;
			buildSettings = {
				ALWAYS_EMBED_SWIFT_STANDARD_LIBRARIES = YES;
				CODE_SIGN_STYLE = Automatic;
				CURRENT_PROJECT_VERSION = 1;
				GENERATE_INFOPLIST_FILE = YES;
				MARKETING_VERSION = 1.0;
				PRODUCT_BUNDLE_IDENTIFIER = "bondzioyo.ChangeMate-Watch-AppUITests";
				PRODUCT_NAME = "$(TARGET_NAME)";
				SDKROOT = watchos;
				SWIFT_EMIT_LOC_STRINGS = NO;
				SWIFT_VERSION = 5.0;
				TARGETED_DEVICE_FAMILY = 4;
				TEST_TARGET_NAME = "ChangeMate Watch App";
				WATCHOS_DEPLOYMENT_TARGET = 10.0;
			};
			name = Debug;
		};
		B9BF23C72AD07EC7008B0A3F /* Release */ = {
			isa = XCBuildConfiguration;
			buildSettings = {
				ALWAYS_EMBED_SWIFT_STANDARD_LIBRARIES = YES;
				CODE_SIGN_STYLE = Automatic;
				CURRENT_PROJECT_VERSION = 1;
				GENERATE_INFOPLIST_FILE = YES;
				MARKETING_VERSION = 1.0;
				PRODUCT_BUNDLE_IDENTIFIER = "bondzioyo.ChangeMate-Watch-AppUITests";
				PRODUCT_NAME = "$(TARGET_NAME)";
				SDKROOT = watchos;
				SWIFT_EMIT_LOC_STRINGS = NO;
				SWIFT_VERSION = 5.0;
				TARGETED_DEVICE_FAMILY = 4;
				TEST_TARGET_NAME = "ChangeMate Watch App";
				VALIDATE_PRODUCT = YES;
				WATCHOS_DEPLOYMENT_TARGET = 10.0;
			};
			name = Release;
		};
/* End XCBuildConfiguration section */

/* Begin XCConfigurationList section */
		B9BF238C2AD07EC3008B0A3F /* Build configuration list for PBXProject "ChangeMate" */ = {
			isa = XCConfigurationList;
			buildConfigurations = (
				B9BF23B92AD07EC7008B0A3F /* Debug */,
				B9BF23BA2AD07EC7008B0A3F /* Release */,
			);
			defaultConfigurationIsVisible = 0;
			defaultConfigurationName = Release;
		};
		B9BF23BB2AD07EC7008B0A3F /* Build configuration list for PBXNativeTarget "ChangeMate Watch App" */ = {
			isa = XCConfigurationList;
			buildConfigurations = (
				B9BF23BC2AD07EC7008B0A3F /* Debug */,
				B9BF23BD2AD07EC7008B0A3F /* Release */,
			);
			defaultConfigurationIsVisible = 0;
			defaultConfigurationName = Release;
		};
		B9BF23BF2AD07EC7008B0A3F /* Build configuration list for PBXNativeTarget "ChangeMate" */ = {
			isa = XCConfigurationList;
			buildConfigurations = (
				B9BF23C02AD07EC7008B0A3F /* Debug */,
				B9BF23C12AD07EC7008B0A3F /* Release */,
			);
			defaultConfigurationIsVisible = 0;
			defaultConfigurationName = Release;
		};
		B9BF23C22AD07EC7008B0A3F /* Build configuration list for PBXNativeTarget "ChangeMate Watch AppTests" */ = {
			isa = XCConfigurationList;
			buildConfigurations = (
				B9BF23C32AD07EC7008B0A3F /* Debug */,
				B9BF23C42AD07EC7008B0A3F /* Release */,
			);
			defaultConfigurationIsVisible = 0;
			defaultConfigurationName = Release;
		};
		B9BF23C52AD07EC7008B0A3F /* Build configuration list for PBXNativeTarget "ChangeMate Watch AppUITests" */ = {
			isa = XCConfigurationList;
			buildConfigurations = (
				B9BF23C62AD07EC7008B0A3F /* Debug */,
				B9BF23C72AD07EC7008B0A3F /* Release */,
			);
			defaultConfigurationIsVisible = 0;
			defaultConfigurationName = Release;
		};
/* End XCConfigurationList section */
	};
	rootObject = B9BF23892AD07EC3008B0A3F /* Project object */;
}
